
Microsoft Visual Studio Solution File, Format Version 12.00
# Visual Studio Version 17
VisualStudioVersion = 17.8.34408.163
MinimumVisualStudioVersion = 10.0.40219.1
Project("{FAE04EC0-301F-11D3-BF4B-00C04F79EFBC}") = "Exact-Sales-challenge-automation", "Exact-Sales-challenge-automation.csproj", "{7CEE3497-3EC0-4F63-AC67-79CE549806CE}"
EndProject
Global
	GlobalSection(SolutionConfigurationPlatforms) = preSolution
		Debug|Any CPU = Debug|Any CPU
		Release|Any CPU = Release|Any CPU
	EndGlobalSection
	GlobalSection(ProjectConfigurationPlatforms) = postSolution
		{7CEE3497-3EC0-4F63-AC67-79CE549806CE}.Debug|Any CPU.ActiveCfg = Debug|Any CPU
		{7CEE3497-3EC0-4F63-AC67-79CE549806CE}.Debug|Any CPU.Build.0 = Debug|Any CPU
		{7CEE3497-3EC0-4F63-AC67-79CE549806CE}.Release|Any CPU.ActiveCfg = Release|Any CPU
		{7CEE3497-3EC0-4F63-AC67-79CE549806CE}.Release|Any CPU.Build.0 = Release|Any CPU
	EndGlobalSection
	GlobalSection(SolutionProperties) = preSolution
		HideSolutionNode = FALSE
	EndGlobalSection
	GlobalSection(ExtensibilityGlobals) = postSolution
		SolutionGuid = {E87E6D8F-C5C9-4008-95BD-5DEE7152BF88}
	EndGlobalSection
EndGlobal
